// !$*UTF8*$!
{
	archiveVersion = 1;
	classes = {
	};
	objectVersion = 50;
	objects = {

/* Begin PBXBuildFile section */
		1D71D4872241524700E27EDE /* statsViewController.swift in Sources */ = {isa = PBXBuildFile; fileRef = 1D71D4862241524700E27EDE /* statsViewController.swift */; };
		1DC88F0222410F6900385253 /* q3ViewController.swift in Sources */ = {isa = PBXBuildFile; fileRef = 1DC88F0122410F6900385253 /* q3ViewController.swift */; };
		1DC88F04224116DE00385253 /* endViewController.swift in Sources */ = {isa = PBXBuildFile; fileRef = 1DC88F03224116DE00385253 /* endViewController.swift */; };
		1DC88F0622411F6800385253 /* dataStruct.swift in Sources */ = {isa = PBXBuildFile; fileRef = 1DC88F0522411F6800385253 /* dataStruct.swift */; };
		1DC88F082241206F00385253 /* q2bViewController.swift in Sources */ = {isa = PBXBuildFile; fileRef = 1DC88F072241206F00385253 /* q2bViewController.swift */; };
		1DC88F0A2241208900385253 /* q1ViewController.swift in Sources */ = {isa = PBXBuildFile; fileRef = 1DC88F092241208900385253 /* q1ViewController.swift */; };
		1DC88F0C224120B700385253 /* startViewController.swift in Sources */ = {isa = PBXBuildFile; fileRef = 1DC88F0B224120B700385253 /* startViewController.swift */; };
		1DD8F49B223FF5A30073AD88 /* q2aViewController.swift in Sources */ = {isa = PBXBuildFile; fileRef = 1DD8F49A223FF5A30073AD88 /* q2aViewController.swift */; };
		CE66800921FF64420074CC94 /* AppDelegate.swift in Sources */ = {isa = PBXBuildFile; fileRef = CE66800821FF64420074CC94 /* AppDelegate.swift */; };
		CE66800B21FF64420074CC94 /* ViewController.swift in Sources */ = {isa = PBXBuildFile; fileRef = CE66800A21FF64420074CC94 /* ViewController.swift */; };
		CE66800E21FF64420074CC94 /* Main.storyboard in Resources */ = {isa = PBXBuildFile; fileRef = CE66800C21FF64420074CC94 /* Main.storyboard */; };
		CE66801121FF64420074CC94 /* SurveyApp.xcdatamodeld in Sources */ = {isa = PBXBuildFile; fileRef = CE66800F21FF64420074CC94 /* SurveyApp.xcdatamodeld */; };
		CE66801321FF64430074CC94 /* Assets.xcassets in Resources */ = {isa = PBXBuildFile; fileRef = CE66801221FF64430074CC94 /* Assets.xcassets */; };
		CE66801621FF64430074CC94 /* LaunchScreen.storyboard in Resources */ = {isa = PBXBuildFile; fileRef = CE66801421FF64430074CC94 /* LaunchScreen.storyboard */; };
		CE66801E21FF67070074CC94 /* SurveyViewController.swift in Sources */ = {isa = PBXBuildFile; fileRef = CE66801D21FF67070074CC94 /* SurveyViewController.swift */; };
/* End PBXBuildFile section */

/* Begin PBXFileReference section */
		1D71D4862241524700E27EDE /* statsViewController.swift */ = {isa = PBXFileReference; lastKnownFileType = sourcecode.swift; path = statsViewController.swift; sourceTree = "<group>"; };
		1DC88F0122410F6900385253 /* q3ViewController.swift */ = {isa = PBXFileReference; lastKnownFileType = sourcecode.swift; path = q3ViewController.swift; sourceTree = "<group>"; };
		1DC88F03224116DE00385253 /* endViewController.swift */ = {isa = PBXFileReference; lastKnownFileType = sourcecode.swift; path = endViewController.swift; sourceTree = "<group>"; };
		1DC88F0522411F6800385253 /* dataStruct.swift */ = {isa = PBXFileReference; lastKnownFileType = sourcecode.swift; path = dataStruct.swift; sourceTree = "<group>"; };
		1DC88F072241206F00385253 /* q2bViewController.swift */ = {isa = PBXFileReference; lastKnownFileType = sourcecode.swift; path = q2bViewController.swift; sourceTree = "<group>"; };
		1DC88F092241208900385253 /* q1ViewController.swift */ = {isa = PBXFileReference; lastKnownFileType = sourcecode.swift; path = q1ViewController.swift; sourceTree = "<group>"; };
		1DC88F0B224120B700385253 /* startViewController.swift */ = {isa = PBXFileReference; lastKnownFileType = sourcecode.swift; path = startViewController.swift; sourceTree = "<group>"; };
		1DD8F49A223FF5A30073AD88 /* q2aViewController.swift */ = {isa = PBXFileReference; lastKnownFileType = sourcecode.swift; path = q2aViewController.swift; sourceTree = "<group>"; };
		CE66800521FF64420074CC94 /* SurveyApp.app */ = {isa = PBXFileReference; explicitFileType = wrapper.application; includeInIndex = 0; path = SurveyApp.app; sourceTree = BUILT_PRODUCTS_DIR; };
		CE66800821FF64420074CC94 /* AppDelegate.swift */ = {isa = PBXFileReference; lastKnownFileType = sourcecode.swift; path = AppDelegate.swift; sourceTree = "<group>"; };
		CE66800A21FF64420074CC94 /* ViewController.swift */ = {isa = PBXFileReference; lastKnownFileType = sourcecode.swift; path = ViewController.swift; sourceTree = "<group>"; };
		CE66800D21FF64420074CC94 /* Base */ = {isa = PBXFileReference; lastKnownFileType = file.storyboard; name = Base; path = Base.lproj/Main.storyboard; sourceTree = "<group>"; };
		CE66801021FF64420074CC94 /* SurveyApp.xcdatamodel */ = {isa = PBXFileReference; lastKnownFileType = wrapper.xcdatamodel; path = SurveyApp.xcdatamodel; sourceTree = "<group>"; };
		CE66801221FF64430074CC94 /* Assets.xcassets */ = {isa = PBXFileReference; lastKnownFileType = folder.assetcatalog; path = Assets.xcassets; sourceTree = "<group>"; };
		CE66801521FF64430074CC94 /* Base */ = {isa = PBXFileReference; lastKnownFileType = file.storyboard; name = Base; path = Base.lproj/LaunchScreen.storyboard; sourceTree = "<group>"; };
		CE66801721FF64430074CC94 /* Info.plist */ = {isa = PBXFileReference; lastKnownFileType = text.plist.xml; path = Info.plist; sourceTree = "<group>"; };
		CE66801D21FF67070074CC94 /* SurveyViewController.swift */ = {isa = PBXFileReference; lastKnownFileType = sourcecode.swift; path = SurveyViewController.swift; sourceTree = "<group>"; };
/* End PBXFileReference section */

/* Begin PBXFrameworksBuildPhase section */
		CE66800221FF64420074CC94 /* Frameworks */ = {
			isa = PBXFrameworksBuildPhase;
			buildActionMask = 2147483647;
			files = (
			);
			runOnlyForDeploymentPostprocessing = 0;
		};
/* End PBXFrameworksBuildPhase section */

/* Begin PBXGroup section */
		CE667FFC21FF64420074CC94 = {
			isa = PBXGroup;
			children = (
				CE66800721FF64420074CC94 /* SurveyApp */,
				CE66800621FF64420074CC94 /* Products */,
			);
			sourceTree = "<group>";
		};
		CE66800621FF64420074CC94 /* Products */ = {
			isa = PBXGroup;
			children = (
				CE66800521FF64420074CC94 /* SurveyApp.app */,
			);
			name = Products;
			sourceTree = "<group>";
		};
		CE66800721FF64420074CC94 /* SurveyApp */ = {
			isa = PBXGroup;
			children = (
				CE66800821FF64420074CC94 /* AppDelegate.swift */,
				CE66800A21FF64420074CC94 /* ViewController.swift */,
				CE66800C21FF64420074CC94 /* Main.storyboard */,
				CE66801221FF64430074CC94 /* Assets.xcassets */,
				CE66801421FF64430074CC94 /* LaunchScreen.storyboard */,
				CE66801721FF64430074CC94 /* Info.plist */,
				CE66800F21FF64420074CC94 /* SurveyApp.xcdatamodeld */,
				CE66801D21FF67070074CC94 /* SurveyViewController.swift */,
				1DD8F49A223FF5A30073AD88 /* q2aViewController.swift */,
				1DC88F0122410F6900385253 /* q3ViewController.swift */,
				1DC88F03224116DE00385253 /* endViewController.swift */,
				1DC88F0522411F6800385253 /* dataStruct.swift */,
				1DC88F072241206F00385253 /* q2bViewController.swift */,
				1DC88F092241208900385253 /* q1ViewController.swift */,
				1DC88F0B224120B700385253 /* startViewController.swift */,
				1D71D4862241524700E27EDE /* statsViewController.swift */,
			);
			path = SurveyApp;
			sourceTree = "<group>";
		};
/* End PBXGroup section */

/* Begin PBXNativeTarget section */
		CE66800421FF64420074CC94 /* SurveyApp */ = {
			isa = PBXNativeTarget;
			buildConfigurationList = CE66801A21FF64430074CC94 /* Build configuration list for PBXNativeTarget "SurveyApp" */;
			buildPhases = (
				CE66800121FF64420074CC94 /* Sources */,
				CE66800221FF64420074CC94 /* Frameworks */,
				CE66800321FF64420074CC94 /* Resources */,
			);
			buildRules = (
			);
			dependencies = (
			);
			name = SurveyApp;
			productName = SurveyApp;
			productReference = CE66800521FF64420074CC94 /* SurveyApp.app */;
			productType = "com.apple.product-type.application";
		};
/* End PBXNativeTarget section */

/* Begin PBXProject section */
		CE667FFD21FF64420074CC94 /* Project object */ = {
			isa = PBXProject;
			attributes = {
				LastSwiftUpdateCheck = 1010;
				LastUpgradeCheck = 1010;
				ORGANIZATIONNAME = "Yap Moi Hoon";
				TargetAttributes = {
					CE66800421FF64420074CC94 = {
						CreatedOnToolsVersion = 10.1;
					};
				};
			};
			buildConfigurationList = CE66800021FF64420074CC94 /* Build configuration list for PBXProject "SurveyApp" */;
			compatibilityVersion = "Xcode 9.3";
			developmentRegion = en;
			hasScannedForEncodings = 0;
			knownRegions = (
				en,
				Base,
			);
			mainGroup = CE667FFC21FF64420074CC94;
			productRefGroup = CE66800621FF64420074CC94 /* Products */;
			projectDirPath = "";
			projectRoot = "";
			targets = (
				CE66800421FF64420074CC94 /* SurveyApp */,
			);
		};
/* End PBXProject section */

/* Begin PBXResourcesBuildPhase section */
		CE66800321FF64420074CC94 /* Resources */ = {
			isa = PBXResourcesBuildPhase;
			buildActionMask = 2147483647;
			files = (
				CE66801621FF64430074CC94 /* LaunchScreen.storyboard in Resources */,
				CE66801321FF64430074CC94 /* Assets.xcassets in Resources */,
				CE66800E21FF64420074CC94 /* Main.storyboard in Resources */,
			);
			runOnlyForDeploymentPostprocessing = 0;
		};
/* End PBXResourcesBuildPhase section */

/* Begin PBXSourcesBuildPhase section */
		CE66800121FF64420074CC94 /* Sources */ = {
			isa = PBXSourcesBuildPhase;
			buildActionMask = 2147483647;
			files = (
				1DC88F0A2241208900385253 /* q1ViewController.swift in Sources */,
				CE66800B21FF64420074CC94 /* ViewController.swift in Sources */,
				CE66801121FF64420074CC94 /* SurveyApp.xcdatamodeld in Sources */,
				1DC88F0622411F6800385253 /* dataStruct.swift in Sources */,
				1DC88F0222410F6900385253 /* q3ViewController.swift in Sources */,
				CE66801E21FF67070074CC94 /* SurveyViewController.swift in Sources */,
				1D71D4872241524700E27EDE /* statsViewController.swift in Sources */,
				1DD8F49B223FF5A30073AD88 /* q2aViewController.swift in Sources */,
				1DC88F0C224120B700385253 /* startViewController.swift in Sources */,
				1DC88F082241206F00385253 /* q2bViewController.swift in Sources */,
				CE66800921FF64420074CC94 /* AppDelegate.swift in Sources */,
				1DC88F04224116DE00385253 /* endViewController.swift in Sources */,
			);
			runOnlyForDeploymentPostprocessing = 0;
		};
/* End PBXSourcesBuildPhase section */

/* Begin PBXVariantGroup section */
		CE66800C21FF64420074CC94 /* Main.storyboard */ = {
			isa = PBXVariantGroup;
			children = (
				CE66800D21FF64420074CC94 /* Base */,
			);
			name = Main.storyboard;
			sourceTree = "<group>";
		};
		CE66801421FF64430074CC94 /* LaunchScreen.storyboard */ = {
			isa = PBXVariantGroup;
			children = (
				CE66801521FF64430074CC94 /* Base */,
			);
			name = LaunchScreen.storyboard;
			sourceTree = "<group>";
		};
/* End PBXVariantGroup section */

/* Begin XCBuildConfiguration section */
		CE66801821FF64430074CC94 /* Debug */ = {
			isa = XCBuildConfiguration;
			buildSettings = {
				ALWAYS_SEARCH_USER_PATHS = NO;
				CLANG_ANALYZER_NONNULL = YES;
				CLANG_ANALYZER_NUMBER_OBJECT_CONVERSION = YES_AGGRESSIVE;
				CLANG_CXX_LANGUAGE_STANDARD = "gnu++14";
				CLANG_CXX_LIBRARY = "libc++";
				CLANG_ENABLE_MODULES = YES;
				CLANG_ENABLE_OBJC_ARC = YES;
				CLANG_ENABLE_OBJC_WEAK = YES;
				CLANG_WARN_BLOCK_CAPTURE_AUTORELEASING = YES;
				CLANG_WARN_BOOL_CONVERSION = YES;
				CLANG_WARN_COMMA = YES;
				CLANG_WARN_CONSTANT_CONVERSION = YES;
				CLANG_WARN_DEPRECATED_OBJC_IMPLEMENTATIONS = YES;
				CLANG_WARN_DIRECT_OBJC_ISA_USAGE = YES_ERROR;
				CLANG_WARN_DOCUMENTATION_COMMENTS = YES;
				CLANG_WARN_EMPTY_BODY = YES;
				CLANG_WARN_ENUM_CONVERSION = YES;
				CLANG_WARN_INFINITE_RECURSION = YES;
				CLANG_WARN_INT_CONVERSION = YES;
				CLANG_WARN_NON_LITERAL_NULL_CONVERSION = YES;
				CLANG_WARN_OBJC_IMPLICIT_RETAIN_SELF = YES;
				CLANG_WARN_OBJC_LITERAL_CONVERSION = YES;
				CLANG_WARN_OBJC_ROOT_CLASS = YES_ERROR;
				CLANG_WARN_RANGE_LOOP_ANALYSIS = YES;
				CLANG_WARN_STRICT_PROTOTYPES = YES;
				CLANG_WARN_SUSPICIOUS_MOVE = YES;
				CLANG_WARN_UNGUARDED_AVAILABILITY = YES_AGGRESSIVE;
				CLANG_WARN_UNREACHABLE_CODE = YES;
				CLANG_WARN__DUPLICATE_METHOD_MATCH = YES;
				CODE_SIGN_IDENTITY = "iPhone Developer";
				COPY_PHASE_STRIP = NO;
				DEBUG_INFORMATION_FORMAT = dwarf;
				ENABLE_STRICT_OBJC_MSGSEND = YES;
				ENABLE_TESTABILITY = YES;
				GCC_C_LANGUAGE_STANDARD = gnu11;
				GCC_DYNAMIC_NO_PIC = NO;
				GCC_NO_COMMON_BLOCKS = YES;
				GCC_OPTIMIZATION_LEVEL = 0;
				GCC_PREPROCESSOR_DEFINITIONS = (
					"DEBUG=1",
					"$(inherited)",
				);
				GCC_WARN_64_TO_32_BIT_CONVERSION = YES;
				GCC_WARN_ABOUT_RETURN_TYPE = YES_ERROR;
				GCC_WARN_UNDECLARED_SELECTOR = YES;
				GCC_WARN_UNINITIALIZED_AUTOS = YES_AGGRESSIVE;
				GCC_WARN_UNUSED_FUNCTION = YES;
				GCC_WARN_UNUSED_VARIABLE = YES;
				IPHONEOS_DEPLOYMENT_TARGET = 12.1;
				MTL_ENABLE_DEBUG_INFO = INCLUDE_SOURCE;
				MTL_FAST_MATH = YES;
				ONLY_ACTIVE_ARCH = YES;
				SDKROOT = iphoneos;
				SWIFT_ACTIVE_COMPILATION_CONDITIONS = DEBUG;
				SWIFT_OPTIMIZATION_LEVEL = "-Onone";
			};
			name = Debug;
		};
		CE66801921FF64430074CC94 /* Release */ = {
			isa = XCBuildConfiguration;
			buildSettings = {
				ALWAYS_SEARCH_USER_PATHS = NO;
				CLANG_ANALYZER_NONNULL = YES;
				CLANG_ANALYZER_NUMBER_OBJECT_CONVERSION = YES_AGGRESSIVE;
				CLANG_CXX_LANGUAGE_STANDARD = "gnu++14";
				CLANG_CXX_LIBRARY = "libc++";
				CLANG_ENABLE_MODULES = YES;
				CLANG_ENABLE_OBJC_ARC = YES;
				CLANG_ENABLE_OBJC_WEAK = YES;
				CLANG_WARN_BLOCK_CAPTURE_AUTORELEASING = YES;
				CLANG_WARN_BOOL_CONVERSION = YES;
				CLANG_WARN_COMMA = YES;
				CLANG_WARN_CONSTANT_CONVERSION = YES;
				CLANG_WARN_DEPRECATED_OBJC_IMPLEMENTATIONS = YES;
				CLANG_WARN_DIRECT_OBJC_ISA_USAGE = YES_ERROR;
				CLANG_WARN_DOCUMENTATION_COMMENTS = YES;
				CLANG_WARN_EMPTY_BODY = YES;
				CLANG_WARN_ENUM_CONVERSION = YES;
				CLANG_WARN_INFINITE_RECURSION = YES;
				CLANG_WARN_INT_CONVERSION = YES;
				CLANG_WARN_NON_LITERAL_NULL_CONVERSION = YES;
				CLANG_WARN_OBJC_IMPLICIT_RETAIN_SELF = YES;
				CLANG_WARN_OBJC_LITERAL_CONVERSION = YES;
				CLANG_WARN_OBJC_ROOT_CLASS = YES_ERROR;
				CLANG_WARN_RANGE_LOOP_ANALYSIS = YES;
				CLANG_WARN_STRICT_PROTOTYPES = YES;
				CLANG_WARN_SUSPICIOUS_MOVE = YES;
				CLANG_WARN_UNGUARDED_AVAILABILITY = YES_AGGRESSIVE;
				CLANG_WARN_UNREACHABLE_CODE = YES;
				CLANG_WARN__DUPLICATE_METHOD_MATCH = YES;
				CODE_SIGN_IDENTITY = "iPhone Developer";
				COPY_PHASE_STRIP = NO;
				DEBUG_INFORMATION_FORMAT = "dwarf-with-dsym";
				ENABLE_NS_ASSERTIONS = NO;
				ENABLE_STRICT_OBJC_MSGSEND = YES;
				GCC_C_LANGUAGE_STANDARD = gnu11;
				GCC_NO_COMMON_BLOCKS = YES;
				GCC_WARN_64_TO_32_BIT_CONVERSION = YES;
				GCC_WARN_ABOUT_RETURN_TYPE = YES_ERROR;
				GCC_WARN_UNDECLARED_SELECTOR = YES;
				GCC_WARN_UNINITIALIZED_AUTOS = YES_AGGRESSIVE;
				GCC_WARN_UNUSED_FUNCTION = YES;
				GCC_WARN_UNUSED_VARIABLE = YES;
				IPHONEOS_DEPLOYMENT_TARGET = 12.1;
				MTL_ENABLE_DEBUG_INFO = NO;
				MTL_FAST_MATH = YES;
				SDKROOT = iphoneos;
				SWIFT_COMPILATION_MODE = wholemodule;
				SWIFT_OPTIMIZATION_LEVEL = "-O";
				VALIDATE_PRODUCT = YES;
			};
			name = Release;
		};
		CE66801B21FF64430074CC94 /* Debug */ = {
			isa = XCBuildConfiguration;
			buildSettings = {
				ASSETCATALOG_COMPILER_APPICON_NAME = AppIcon;
				CODE_SIGN_STYLE = Automatic;
				INFOPLIST_FILE = SurveyApp/Info.plist;
				LD_RUNPATH_SEARCH_PATHS = (
					"$(inherited)",
					"@executable_path/Frameworks",
				);
				PRODUCT_BUNDLE_IDENTIFIER = com.mhy.SurveyApp;
				PRODUCT_NAME = "$(TARGET_NAME)";
				SWIFT_VERSION = 4.2;
				TARGETED_DEVICE_FAMILY = 2;
			};
			name = Debug;
		};
		CE66801C21FF64430074CC94 /* Release */ = {
			isa = XCBuildConfiguration;
			buildSettings = {
				ASSETCATALOG_COMPILER_APPICON_NAME = AppIcon;
				CODE_SIGN_STYLE = Automatic;
				INFOPLIST_FILE = SurveyApp/Info.plist;
				LD_RUNPATH_SEARCH_PATHS = (
					"$(inherited)",
					"@executable_path/Frameworks",
				);
				PRODUCT_BUNDLE_IDENTIFIER = com.mhy.SurveyApp;
				PRODUCT_NAME = "$(TARGET_NAME)";
				SWIFT_VERSION = 4.2;
				TARGETED_DEVICE_FAMILY = 2;
			};
			name = Release;
		};
/* End XCBuildConfiguration section */

/* Begin XCConfigurationList section */
		CE66800021FF64420074CC94 /* Build configuration list for PBXProject "SurveyApp" */ = {
			isa = XCConfigurationList;
			buildConfigurations = (
				CE66801821FF64430074CC94 /* Debug */,
				CE66801921FF64430074CC94 /* Release */,
			);
			defaultConfigurationIsVisible = 0;
			defaultConfigurationName = Release;
		};
		CE66801A21FF64430074CC94 /* Build configuration list for PBXNativeTarget "SurveyApp" */ = {
			isa = XCConfigurationList;
			buildConfigurations = (
				CE66801B21FF64430074CC94 /* Debug */,
				CE66801C21FF64430074CC94 /* Release */,
			);
			defaultConfigurationIsVisible = 0;
			defaultConfigurationName = Release;
		};
/* End XCConfigurationList section */

/* Begin XCVersionGroup section */
		CE66800F21FF64420074CC94 /* SurveyApp.xcdatamodeld */ = {
			isa = XCVersionGroup;
			children = (
				CE66801021FF64420074CC94 /* SurveyApp.xcdatamodel */,
			);
			currentVersion = CE66801021FF64420074CC94 /* SurveyApp.xcdatamodel */;
			path = SurveyApp.xcdatamodeld;
			sourceTree = "<group>";
			versionGroupType = wrapper.xcdatamodel;
		};
/* End XCVersionGroup section */
	};
	rootObject = CE667FFD21FF64420074CC94 /* Project object */;
}
